
Microsoft Visual Studio Solution File, Format Version 12.00
# Visual Studio 15
VisualStudioVersion = 15.0.27428.2043
MinimumVisualStudioVersion = 10.0.40219.1
Project("{FAE04EC0-301F-11D3-BF4B-00C04F79EFBC}") = "InstitutoWebApp", "InstitutoWebApp\InstitutoWebApp.csproj", "{32CC66B0-92B1-4FB3-876D-DA22F024BE6B}"
EndProject
Project("{E53339B2-1760-4266-BCC7-CA923CBCF16C}") = "docker-compose", "docker-compose.dcproj", "{8D0C1794-946B-4C91-834B-514086AAF690}"
EndProject
Global
	GlobalSection(SolutionConfigurationPlatforms) = preSolution
		Debug|Any CPU = Debug|Any CPU
		Release|Any CPU = Release|Any CPU
	EndGlobalSection
	GlobalSection(ProjectConfigurationPlatforms) = postSolution
		{32CC66B0-92B1-4FB3-876D-DA22F024BE6B}.Debug|Any CPU.ActiveCfg = Debug|Any CPU
		{32CC66B0-92B1-4FB3-876D-DA22F024BE6B}.Debug|Any CPU.Build.0 = Debug|Any CPU
		{32CC66B0-92B1-4FB3-876D-DA22F024BE6B}.Release|Any CPU.ActiveCfg = Release|Any CPU
		{32CC66B0-92B1-4FB3-876D-DA22F024BE6B}.Release|Any CPU.Build.0 = Release|Any CPU
		{8D0C1794-946B-4C91-834B-514086AAF690}.Debug|Any CPU.ActiveCfg = Debug|Any CPU
		{8D0C1794-946B-4C91-834B-514086AAF690}.Debug|Any CPU.Build.0 = Debug|Any CPU
		{8D0C1794-946B-4C91-834B-514086AAF690}.Release|Any CPU.ActiveCfg = Release|Any CPU
		{8D0C1794-946B-4C91-834B-514086AAF690}.Release|Any CPU.Build.0 = Release|Any CPU
	EndGlobalSection
	GlobalSection(SolutionProperties) = preSolution
		HideSolutionNode = FALSE
	EndGlobalSection
	GlobalSection(ExtensibilityGlobals) = postSolution
		SolutionGuid = {19E9AF60-E7ED-4E54-A791-9890CB9956BE}
	EndGlobalSection
EndGlobal
